
Microsoft Visual Studio Solution File, Format Version 12.00
# Visual Studio Version 17
VisualStudioVersion = 17.9.34728.123
MinimumVisualStudioVersion = 10.0.40219.1
Project("{9A19103F-16F7-4668-BE54-9A1E7A4F7556}") = "Queue", "CS27_Queue_Stack_LinkedList\Queue.csproj", "{D6C792EA-E7E1-47F5-87D7-BE0FCA7DDD32}"
EndProject
Project("{9A19103F-16F7-4668-BE54-9A1E7A4F7556}") = "Stack", "Stack\Stack.csproj", "{110DF10C-0491-47FD-8F9F-896D3D8F3164}"
EndProject
Project("{FAE04EC0-301F-11D3-BF4B-00C04F79EFBC}") = "LinkedList", "LinkedList\LinkedList.csproj", "{5705E1FB-0E8F-40D4-9579-A1DCAAE79C49}"
EndProject
Project("{FAE04EC0-301F-11D3-BF4B-00C04F79EFBC}") = "Dictionary", "Dictionary\Dictionary.csproj", "{C4E9815A-C05C-446B-917E-DF5207BC1A3E}"
EndProject
Project("{FAE04EC0-301F-11D3-BF4B-00C04F79EFBC}") = "HashSet", "HashSet\HashSet.csproj", "{47ABD8FA-6C2E-46A8-91EF-F9E6CFFB2823}"
EndProject
Global
	GlobalSection(SolutionConfigurationPlatforms) = preSolution
		Debug|Any CPU = Debug|Any CPU
		Release|Any CPU = Release|Any CPU
	EndGlobalSection
	GlobalSection(ProjectConfigurationPlatforms) = postSolution
		{D6C792EA-E7E1-47F5-87D7-BE0FCA7DDD32}.Debug|Any CPU.ActiveCfg = Debug|Any CPU
		{D6C792EA-E7E1-47F5-87D7-BE0FCA7DDD32}.Debug|Any CPU.Build.0 = Debug|Any CPU
		{D6C792EA-E7E1-47F5-87D7-BE0FCA7DDD32}.Release|Any CPU.ActiveCfg = Release|Any CPU
		{D6C792EA-E7E1-47F5-87D7-BE0FCA7DDD32}.Release|Any CPU.Build.0 = Release|Any CPU
		{110DF10C-0491-47FD-8F9F-896D3D8F3164}.Debug|Any CPU.ActiveCfg = Debug|Any CPU
		{110DF10C-0491-47FD-8F9F-896D3D8F3164}.Debug|Any CPU.Build.0 = Debug|Any CPU
		{110DF10C-0491-47FD-8F9F-896D3D8F3164}.Release|Any CPU.ActiveCfg = Release|Any CPU
		{110DF10C-0491-47FD-8F9F-896D3D8F3164}.Release|Any CPU.Build.0 = Release|Any CPU
		{5705E1FB-0E8F-40D4-9579-A1DCAAE79C49}.Debug|Any CPU.ActiveCfg = Debug|Any CPU
		{5705E1FB-0E8F-40D4-9579-A1DCAAE79C49}.Debug|Any CPU.Build.0 = Debug|Any CPU
		{5705E1FB-0E8F-40D4-9579-A1DCAAE79C49}.Release|Any CPU.ActiveCfg = Release|Any CPU
		{5705E1FB-0E8F-40D4-9579-A1DCAAE79C49}.Release|Any CPU.Build.0 = Release|Any CPU
		{C4E9815A-C05C-446B-917E-DF5207BC1A3E}.Debug|Any CPU.ActiveCfg = Debug|Any CPU
		{C4E9815A-C05C-446B-917E-DF5207BC1A3E}.Debug|Any CPU.Build.0 = Debug|Any CPU
		{C4E9815A-C05C-446B-917E-DF5207BC1A3E}.Release|Any CPU.ActiveCfg = Release|Any CPU
		{C4E9815A-C05C-446B-917E-DF5207BC1A3E}.Release|Any CPU.Build.0 = Release|Any CPU
		{47ABD8FA-6C2E-46A8-91EF-F9E6CFFB2823}.Debug|Any CPU.ActiveCfg = Debug|Any CPU
		{47ABD8FA-6C2E-46A8-91EF-F9E6CFFB2823}.Debug|Any CPU.Build.0 = Debug|Any CPU
		{47ABD8FA-6C2E-46A8-91EF-F9E6CFFB2823}.Release|Any CPU.ActiveCfg = Release|Any CPU
		{47ABD8FA-6C2E-46A8-91EF-F9E6CFFB2823}.Release|Any CPU.Build.0 = Release|Any CPU
	EndGlobalSection
	GlobalSection(SolutionProperties) = preSolution
		HideSolutionNode = FALSE
	EndGlobalSection
	GlobalSection(ExtensibilityGlobals) = postSolution
		SolutionGuid = {DC98AE29-289B-47F1-B2D4-0973475D3FBC}
	EndGlobalSection
EndGlobal
