
Microsoft Visual Studio Solution File, Format Version 12.00
# Visual Studio Version 17
VisualStudioVersion = 17.9.34728.123
MinimumVisualStudioVersion = 10.0.40219.1
Project("{9A19103F-16F7-4668-BE54-9A1E7A4F7556}") = "CS19 -virtual method-abstract-intterface", "CS19 -virtual method-abstract-intterface\CS19 -virtual method-abstract-intterface.csproj", "{C59BA37A-E640-4E56-8343-4C200B2961C6}"
EndProject
Project("{FAE04EC0-301F-11D3-BF4B-00C04F79EFBC}") = "Abstract", "Abstract\Abstract.csproj", "{BC8C5346-C9E8-4885-927F-BF4AF4A434D8}"
EndProject
Project("{FAE04EC0-301F-11D3-BF4B-00C04F79EFBC}") = "Interface", "Interface\Interface.csproj", "{30509ECE-EABA-4900-8DAD-3926687E345D}"
EndProject
Global
	GlobalSection(SolutionConfigurationPlatforms) = preSolution
		Debug|Any CPU = Debug|Any CPU
		Release|Any CPU = Release|Any CPU
	EndGlobalSection
	GlobalSection(ProjectConfigurationPlatforms) = postSolution
		{C59BA37A-E640-4E56-8343-4C200B2961C6}.Debug|Any CPU.ActiveCfg = Debug|Any CPU
		{C59BA37A-E640-4E56-8343-4C200B2961C6}.Debug|Any CPU.Build.0 = Debug|Any CPU
		{C59BA37A-E640-4E56-8343-4C200B2961C6}.Release|Any CPU.ActiveCfg = Release|Any CPU
		{C59BA37A-E640-4E56-8343-4C200B2961C6}.Release|Any CPU.Build.0 = Release|Any CPU
		{BC8C5346-C9E8-4885-927F-BF4AF4A434D8}.Debug|Any CPU.ActiveCfg = Debug|Any CPU
		{BC8C5346-C9E8-4885-927F-BF4AF4A434D8}.Debug|Any CPU.Build.0 = Debug|Any CPU
		{BC8C5346-C9E8-4885-927F-BF4AF4A434D8}.Release|Any CPU.ActiveCfg = Release|Any CPU
		{BC8C5346-C9E8-4885-927F-BF4AF4A434D8}.Release|Any CPU.Build.0 = Release|Any CPU
		{30509ECE-EABA-4900-8DAD-3926687E345D}.Debug|Any CPU.ActiveCfg = Debug|Any CPU
		{30509ECE-EABA-4900-8DAD-3926687E345D}.Debug|Any CPU.Build.0 = Debug|Any CPU
		{30509ECE-EABA-4900-8DAD-3926687E345D}.Release|Any CPU.ActiveCfg = Release|Any CPU
		{30509ECE-EABA-4900-8DAD-3926687E345D}.Release|Any CPU.Build.0 = Release|Any CPU
	EndGlobalSection
	GlobalSection(SolutionProperties) = preSolution
		HideSolutionNode = FALSE
	EndGlobalSection
	GlobalSection(ExtensibilityGlobals) = postSolution
		SolutionGuid = {28E84FA6-BF74-49F0-8286-7DF5A3159BD8}
	EndGlobalSection
EndGlobal
