
Microsoft Visual Studio Solution File, Format Version 12.00
# Visual Studio Version 17
VisualStudioVersion = 17.9.34728.123
MinimumVisualStudioVersion = 10.0.40219.1
Project("{FAE04EC0-301F-11D3-BF4B-00C04F79EFBC}") = "Chuỗi ký tự string trong C Sharp", "Chuỗi ký tự string trong C Sharp\Chuỗi ký tự string trong C Sharp.csproj", "{BA884025-D5F0-451D-AE6C-4B938EF16353}"
EndProject
Global
	GlobalSection(SolutionConfigurationPlatforms) = preSolution
		Debug|Any CPU = Debug|Any CPU
		Release|Any CPU = Release|Any CPU
	EndGlobalSection
	GlobalSection(ProjectConfigurationPlatforms) = postSolution
		{BA884025-D5F0-451D-AE6C-4B938EF16353}.Debug|Any CPU.ActiveCfg = Debug|Any CPU
		{BA884025-D5F0-451D-AE6C-4B938EF16353}.Debug|Any CPU.Build.0 = Debug|Any CPU
		{BA884025-D5F0-451D-AE6C-4B938EF16353}.Release|Any CPU.ActiveCfg = Release|Any CPU
		{BA884025-D5F0-451D-AE6C-4B938EF16353}.Release|Any CPU.Build.0 = Release|Any CPU
	EndGlobalSection
	GlobalSection(SolutionProperties) = preSolution
		HideSolutionNode = FALSE
	EndGlobalSection
	GlobalSection(ExtensibilityGlobals) = postSolution
		SolutionGuid = {0BCD9199-5A72-4FE7-89EB-32AD4D876039}
	EndGlobalSection
EndGlobal
