
Microsoft Visual Studio Solution File, Format Version 12.00
# Visual Studio Version 17
VisualStudioVersion = 17.9.34728.123
MinimumVisualStudioVersion = 10.0.40219.1
Project("{FAE04EC0-301F-11D3-BF4B-00C04F79EFBC}") = "DriveInfo", "CS28_File_read_write\DriveInfo.csproj", "{F59A2950-105C-477B-9AEE-3C60DD66FD11}"
EndProject
Project("{FAE04EC0-301F-11D3-BF4B-00C04F79EFBC}") = "Directory", "Directory\Directory.csproj", "{794615B3-66CC-457F-A556-82C56054280B}"
EndProject
Project("{FAE04EC0-301F-11D3-BF4B-00C04F79EFBC}") = "Path", "Path\Path.csproj", "{A3DC7C73-55AA-40C4-9E4D-D23D87D11ECE}"
EndProject
Project("{FAE04EC0-301F-11D3-BF4B-00C04F79EFBC}") = "File", "File\File.csproj", "{0915530F-6B02-4493-B1C1-BD7294BED6B4}"
EndProject
Project("{FAE04EC0-301F-11D3-BF4B-00C04F79EFBC}") = "FileStream", "FileStream\FileStream.csproj", "{57FA6982-90CF-448D-A33B-8C3C20CA2E26}"
EndProject
Project("{FAE04EC0-301F-11D3-BF4B-00C04F79EFBC}") = "File_Product", "File_Product\File_Product.csproj", "{8BA47C83-58B0-494C-862C-20135672544A}"
EndProject
Global
	GlobalSection(SolutionConfigurationPlatforms) = preSolution
		Debug|Any CPU = Debug|Any CPU
		Release|Any CPU = Release|Any CPU
	EndGlobalSection
	GlobalSection(ProjectConfigurationPlatforms) = postSolution
		{F59A2950-105C-477B-9AEE-3C60DD66FD11}.Debug|Any CPU.ActiveCfg = Debug|Any CPU
		{F59A2950-105C-477B-9AEE-3C60DD66FD11}.Debug|Any CPU.Build.0 = Debug|Any CPU
		{F59A2950-105C-477B-9AEE-3C60DD66FD11}.Release|Any CPU.ActiveCfg = Release|Any CPU
		{F59A2950-105C-477B-9AEE-3C60DD66FD11}.Release|Any CPU.Build.0 = Release|Any CPU
		{794615B3-66CC-457F-A556-82C56054280B}.Debug|Any CPU.ActiveCfg = Debug|Any CPU
		{794615B3-66CC-457F-A556-82C56054280B}.Debug|Any CPU.Build.0 = Debug|Any CPU
		{794615B3-66CC-457F-A556-82C56054280B}.Release|Any CPU.ActiveCfg = Release|Any CPU
		{794615B3-66CC-457F-A556-82C56054280B}.Release|Any CPU.Build.0 = Release|Any CPU
		{A3DC7C73-55AA-40C4-9E4D-D23D87D11ECE}.Debug|Any CPU.ActiveCfg = Debug|Any CPU
		{A3DC7C73-55AA-40C4-9E4D-D23D87D11ECE}.Debug|Any CPU.Build.0 = Debug|Any CPU
		{A3DC7C73-55AA-40C4-9E4D-D23D87D11ECE}.Release|Any CPU.ActiveCfg = Release|Any CPU
		{A3DC7C73-55AA-40C4-9E4D-D23D87D11ECE}.Release|Any CPU.Build.0 = Release|Any CPU
		{0915530F-6B02-4493-B1C1-BD7294BED6B4}.Debug|Any CPU.ActiveCfg = Debug|Any CPU
		{0915530F-6B02-4493-B1C1-BD7294BED6B4}.Debug|Any CPU.Build.0 = Debug|Any CPU
		{0915530F-6B02-4493-B1C1-BD7294BED6B4}.Release|Any CPU.ActiveCfg = Release|Any CPU
		{0915530F-6B02-4493-B1C1-BD7294BED6B4}.Release|Any CPU.Build.0 = Release|Any CPU
		{57FA6982-90CF-448D-A33B-8C3C20CA2E26}.Debug|Any CPU.ActiveCfg = Debug|Any CPU
		{57FA6982-90CF-448D-A33B-8C3C20CA2E26}.Debug|Any CPU.Build.0 = Debug|Any CPU
		{57FA6982-90CF-448D-A33B-8C3C20CA2E26}.Release|Any CPU.ActiveCfg = Release|Any CPU
		{57FA6982-90CF-448D-A33B-8C3C20CA2E26}.Release|Any CPU.Build.0 = Release|Any CPU
		{8BA47C83-58B0-494C-862C-20135672544A}.Debug|Any CPU.ActiveCfg = Debug|Any CPU
		{8BA47C83-58B0-494C-862C-20135672544A}.Debug|Any CPU.Build.0 = Debug|Any CPU
		{8BA47C83-58B0-494C-862C-20135672544A}.Release|Any CPU.ActiveCfg = Release|Any CPU
		{8BA47C83-58B0-494C-862C-20135672544A}.Release|Any CPU.Build.0 = Release|Any CPU
	EndGlobalSection
	GlobalSection(SolutionProperties) = preSolution
		HideSolutionNode = FALSE
	EndGlobalSection
	GlobalSection(ExtensibilityGlobals) = postSolution
		SolutionGuid = {9282D933-20B5-4F3E-B19B-02549226D5E4}
	EndGlobalSection
EndGlobal
